Microsoft Visual Studio Solution File, Format Version 12.00
# Visual Studio 15
VisualStudioVersion = 15.0.28307.106
MinimumVisualStudioVersion = 10.0.40219.1
Project("{9A19103F-16F7-4668-BE54-9A1E7A4F7556}") = "FTPServerAndPLCControl", "FTPServerAndPLCControl.csproj", "{EB231EFE-1F0B-1CB3-7B80-A3A4508731E3}"
EndProject
Global
    GlobalSection(SolutionConfigurationPlatforms) = preSolution
        Debug|Any CPU = Debug|Any CPU
        Release|Any CPU = Release|Any CPU
    EndGlobalSection
    GlobalSection(ProjectConfigurationPlatforms) = postSolution
        {EB231EFE-1F0B-1CB3-7B80-A3A4508731E3}.Debug|Any CPU.ActiveCfg = Debug|Any CPU
        {EB231EFE-1F0B-1CB3-7B80-A3A4508731E3}.Debug|Any CPU.Build.0 = Debug|Any CPU
        {EB231EFE-1F0B-1CB3-7B80-A3A4508731E3}.Release|Any CPU.ActiveCfg = Release|Any CPU
        {EB231EFE-1F0B-1CB3-7B80-A3A4508731E3}.Release|Any CPU.Build.0 = Release|Any CPU
    EndGlobalSection
    GlobalSection(SolutionProperties) = preSolution
        HideSolutionNode = FALSE
    EndGlobalSection
EndGlobal
